
Microsoft Visual Studio Solution File, Format Version 12.00
# Visual Studio 15
VisualStudioVersion = 15.0.27428.2037
MinimumVisualStudioVersion = 10.0.40219.1
Project("{FAE04EC0-301F-11D3-BF4B-00C04F79EFBC}") = "HuffmanEncoding", "HuffmanEncoding\HuffmanEncoding.csproj", "{3096998E-DA4E-4128-8A53-5A4A48688DB9}"
EndProject
Global
	GlobalSection(SolutionConfigurationPlatforms) = preSolution
		Debug|Any CPU = Debug|Any CPU
		Release|Any CPU = Release|Any CPU
	EndGlobalSection
	GlobalSection(ProjectConfigurationPlatforms) = postSolution
		{3096998E-DA4E-4128-8A53-5A4A48688DB9}.Debug|Any CPU.ActiveCfg = Debug|Any CPU
		{3096998E-DA4E-4128-8A53-5A4A48688DB9}.Debug|Any CPU.Build.0 = Debug|Any CPU
		{3096998E-DA4E-4128-8A53-5A4A48688DB9}.Release|Any CPU.ActiveCfg = Release|Any CPU
		{3096998E-DA4E-4128-8A53-5A4A48688DB9}.Release|Any CPU.Build.0 = Release|Any CPU
	EndGlobalSection
	GlobalSection(SolutionProperties) = preSolution
		HideSolutionNode = FALSE
	EndGlobalSection
	GlobalSection(ExtensibilityGlobals) = postSolution
		SolutionGuid = {0F22B69E-A7B7-49B6-A811-264A4C5A3ED8}
	EndGlobalSection
EndGlobal
